
Microsoft Visual Studio Solution File, Format Version 12.00
# Visual Studio Version 16
VisualStudioVersion = 16.0.29102.190
MinimumVisualStudioVersion = 10.0.40219.1
Project("{FAE04EC0-301F-11D3-BF4B-00C04F79EFBC}") = "GUIA PRACTICA 10", "GUIA PRACTICA 10\GUIA PRACTICA 10.csproj", "{916109E1-1263-4F4D-9CAF-6491F453E470}"
EndProject
Global
	GlobalSection(SolutionConfigurationPlatforms) = preSolution
		Debug|Any CPU = Debug|Any CPU
		Release|Any CPU = Release|Any CPU
	EndGlobalSection
	GlobalSection(ProjectConfigurationPlatforms) = postSolution
		{916109E1-1263-4F4D-9CAF-6491F453E470}.Debug|Any CPU.ActiveCfg = Debug|Any CPU
		{916109E1-1263-4F4D-9CAF-6491F453E470}.Debug|Any CPU.Build.0 = Debug|Any CPU
		{916109E1-1263-4F4D-9CAF-6491F453E470}.Release|Any CPU.ActiveCfg = Release|Any CPU
		{916109E1-1263-4F4D-9CAF-6491F453E470}.Release|Any CPU.Build.0 = Release|Any CPU
	EndGlobalSection
	GlobalSection(SolutionProperties) = preSolution
		HideSolutionNode = FALSE
	EndGlobalSection
	GlobalSection(ExtensibilityGlobals) = postSolution
		SolutionGuid = {E96FAB9C-C291-43A1-939D-CCAC7555674E}
	EndGlobalSection
EndGlobal
